
Microsoft Visual Studio Solution File, Format Version 12.00
# Visual Studio Version 17
VisualStudioVersion = 17.1.32210.238
MinimumVisualStudioVersion = 10.0.40219.1
Project("{9A19103F-16F7-4668-BE54-9A1E7A4F7556}") = "Task1-RealCalculator", "Task1-RealCalculator\Task1-RealCalculator.csproj", "{A3A449AA-8549-499E-A030-0216800208BF}"
EndProject
Project("{FAE04EC0-301F-11D3-BF4B-00C04F79EFBC}") = "Task2-AverageNumber", "Task2-AverageNumber\Task2-AverageNumber.csproj", "{0968FCF1-E5D4-4685-B46D-68009EF3580B}"
EndProject
Project("{FAE04EC0-301F-11D3-BF4B-00C04F79EFBC}") = "Task3-SwapNumbers", "Task3-SwapNumbers\Task3-SwapNumbers.csproj", "{C5954E5F-E505-492B-BB59-1B5178A26A70}"
EndProject
Global
	GlobalSection(SolutionConfigurationPlatforms) = preSolution
		Debug|Any CPU = Debug|Any CPU
		Release|Any CPU = Release|Any CPU
	EndGlobalSection
	GlobalSection(ProjectConfigurationPlatforms) = postSolution
		{A3A449AA-8549-499E-A030-0216800208BF}.Debug|Any CPU.ActiveCfg = Debug|Any CPU
		{A3A449AA-8549-499E-A030-0216800208BF}.Debug|Any CPU.Build.0 = Debug|Any CPU
		{A3A449AA-8549-499E-A030-0216800208BF}.Release|Any CPU.ActiveCfg = Release|Any CPU
		{A3A449AA-8549-499E-A030-0216800208BF}.Release|Any CPU.Build.0 = Release|Any CPU
		{0968FCF1-E5D4-4685-B46D-68009EF3580B}.Debug|Any CPU.ActiveCfg = Debug|Any CPU
		{0968FCF1-E5D4-4685-B46D-68009EF3580B}.Debug|Any CPU.Build.0 = Debug|Any CPU
		{0968FCF1-E5D4-4685-B46D-68009EF3580B}.Release|Any CPU.ActiveCfg = Release|Any CPU
		{0968FCF1-E5D4-4685-B46D-68009EF3580B}.Release|Any CPU.Build.0 = Release|Any CPU
		{C5954E5F-E505-492B-BB59-1B5178A26A70}.Debug|Any CPU.ActiveCfg = Debug|Any CPU
		{C5954E5F-E505-492B-BB59-1B5178A26A70}.Debug|Any CPU.Build.0 = Debug|Any CPU
		{C5954E5F-E505-492B-BB59-1B5178A26A70}.Release|Any CPU.ActiveCfg = Release|Any CPU
		{C5954E5F-E505-492B-BB59-1B5178A26A70}.Release|Any CPU.Build.0 = Release|Any CPU
	EndGlobalSection
	GlobalSection(SolutionProperties) = preSolution
		HideSolutionNode = FALSE
	EndGlobalSection
	GlobalSection(ExtensibilityGlobals) = postSolution
		SolutionGuid = {33345788-019C-4A6D-B959-DE493A06EF66}
	EndGlobalSection
EndGlobal
